// !$*UTF8*$!
{
	archiveVersion = 1;
	classes = {
	};
	objectVersion = 46;
	objects = {

/* Begin PBXBuildFile section */
		A956844121B8690231623A58 /* Pods_Homefield.framework in Frameworks */ = {isa = PBXBuildFile; fileRef = F64C6E3DE63C1571184B1762 /* Pods_Homefield.framework */; };
		D40CCB531CA22F27009D81CE /* CreateHomeViewController.swift in Sources */ = {isa = PBXBuildFile; fileRef = D40CCB521CA22F27009D81CE /* CreateHomeViewController.swift */; };
		D419B6A71CDE724100571C93 /* stickman.png in Resources */ = {isa = PBXBuildFile; fileRef = D419B6A61CDE724100571C93 /* stickman.png */; };
		D419B6A91CDE730900571C93 /* money.png in Resources */ = {isa = PBXBuildFile; fileRef = D419B6A81CDE730900571C93 /* money.png */; };
		D419B6AB1CDE745C00571C93 /* homeiconbig.png in Resources */ = {isa = PBXBuildFile; fileRef = D419B6AA1CDE745C00571C93 /* homeiconbig.png */; };
		D419B6AD1CDE7CA600571C93 /* AddToDoViewController.swift in Sources */ = {isa = PBXBuildFile; fileRef = D419B6AC1CDE7CA600571C93 /* AddToDoViewController.swift */; };
		D419B6AF1CDFEB3D00571C93 /* Task.swift in Sources */ = {isa = PBXBuildFile; fileRef = D419B6AE1CDFEB3D00571C93 /* Task.swift */; };
		D419B6B11CDFFBEC00571C93 /* warning.png in Resources */ = {isa = PBXBuildFile; fileRef = D419B6B01CDFFBEC00571C93 /* warning.png */; };
		D41DC8461CEFE2D500186AA5 /* User.swift in Sources */ = {isa = PBXBuildFile; fileRef = D41DC8451CEFE2D500186AA5 /* User.swift */; };
		D41DC8491CEFE35300186AA5 /* UserTableViewCell.swift in Sources */ = {isa = PBXBuildFile; fileRef = D41DC8471CEFE35300186AA5 /* UserTableViewCell.swift */; };
		D41DC84A1CEFE35300186AA5 /* UserTableViewCell.xib in Resources */ = {isa = PBXBuildFile; fileRef = D41DC8481CEFE35300186AA5 /* UserTableViewCell.xib */; };
		D41E5BC41CB3D9560033C722 /* Papyrus_sprite.png in Resources */ = {isa = PBXBuildFile; fileRef = D41E5BC31CB3D9560033C722 /* Papyrus_sprite.png */; };
		D435E2CB1CA4AFDB00DCF291 /* MainViewController.swift in Sources */ = {isa = PBXBuildFile; fileRef = D435E2CA1CA4AFDB00DCF291 /* MainViewController.swift */; };
		D435E2CE1CA4B0EF00DCF291 /* TaskTableViewCell.swift in Sources */ = {isa = PBXBuildFile; fileRef = D435E2CC1CA4B0EF00DCF291 /* TaskTableViewCell.swift */; };
		D435E2CF1CA4B0EF00DCF291 /* TaskTableViewCell.xib in Resources */ = {isa = PBXBuildFile; fileRef = D435E2CD1CA4B0EF00DCF291 /* TaskTableViewCell.xib */; };
		D437D3811CA21A5D00239E5A /* AppDelegate.swift in Sources */ = {isa = PBXBuildFile; fileRef = D437D3801CA21A5D00239E5A /* AppDelegate.swift */; };
		D437D3831CA21A5D00239E5A /* ViewController.swift in Sources */ = {isa = PBXBuildFile; fileRef = D437D3821CA21A5D00239E5A /* ViewController.swift */; };
		D437D3861CA21A5D00239E5A /* Main.storyboard in Resources */ = {isa = PBXBuildFile; fileRef = D437D3841CA21A5D00239E5A /* Main.storyboard */; };
		D437D3891CA21A5D00239E5A /* Homefield.xcdatamodeld in Sources */ = {isa = PBXBuildFile; fileRef = D437D3871CA21A5D00239E5A /* Homefield.xcdatamodeld */; };
		D437D38B1CA21A5D00239E5A /* Assets.xcassets in Resources */ = {isa = PBXBuildFile; fileRef = D437D38A1CA21A5D00239E5A /* Assets.xcassets */; };
		D437D38E1CA21A5D00239E5A /* LaunchScreen.storyboard in Resources */ = {isa = PBXBuildFile; fileRef = D437D38C1CA21A5D00239E5A /* LaunchScreen.storyboard */; };
		D437D3991CA21A5D00239E5A /* HomefieldTests.swift in Sources */ = {isa = PBXBuildFile; fileRef = D437D3981CA21A5D00239E5A /* HomefieldTests.swift */; };
		D437D3A41CA21A5D00239E5A /* HomefieldUITests.swift in Sources */ = {isa = PBXBuildFile; fileRef = D437D3A31CA21A5D00239E5A /* HomefieldUITests.swift */; };
		D459F30C1CE11CAD0049A815 /* sans.png in Resources */ = {isa = PBXBuildFile; fileRef = D459F30B1CE11CAD0049A815 /* sans.png */; };
		D459F3141CE132960049A815 /* PictureRendererTableViewCell.swift in Sources */ = {isa = PBXBuildFile; fileRef = D459F3121CE132960049A815 /* PictureRendererTableViewCell.swift */; };
		D459F3151CE132960049A815 /* PictureRendererTableViewCell.xib in Resources */ = {isa = PBXBuildFile; fileRef = D459F3131CE132960049A815 /* PictureRendererTableViewCell.xib */; };
		D45D1CCD1CA5E52000B4C7C2 /* ProfileTableViewController.swift in Sources */ = {isa = PBXBuildFile; fileRef = D45D1CCC1CA5E52000B4C7C2 /* ProfileTableViewController.swift */; };
		D45D1CD01CA5E5E600B4C7C2 /* ProfileTableViewCell.swift in Sources */ = {isa = PBXBuildFile; fileRef = D45D1CCE1CA5E5E600B4C7C2 /* ProfileTableViewCell.swift */; };
		D45D1CD11CA5E5E600B4C7C2 /* ProfileTableViewCell.xib in Resources */ = {isa = PBXBuildFile; fileRef = D45D1CCF1CA5E5E600B4C7C2 /* ProfileTableViewCell.xib */; };
		D45D1CD41CA5E5FB00B4C7C2 /* BalanceTableViewCell.swift in Sources */ = {isa = PBXBuildFile; fileRef = D45D1CD21CA5E5FB00B4C7C2 /* BalanceTableViewCell.swift */; };
		D45D1CD51CA5E5FB00B4C7C2 /* BalanceTableViewCell.xib in Resources */ = {isa = PBXBuildFile; fileRef = D45D1CD31CA5E5FB00B4C7C2 /* BalanceTableViewCell.xib */; };
		D480ECDA1CA5F763000344DE /* TaskManagerViewController.swift in Sources */ = {isa = PBXBuildFile; fileRef = D480ECD91CA5F763000344DE /* TaskManagerViewController.swift */; };
		D480ECDE1CA5F9F7000344DE /* TaskItemTableViewCell.swift in Sources */ = {isa = PBXBuildFile; fileRef = D480ECDC1CA5F9F7000344DE /* TaskItemTableViewCell.swift */; };
		D480ECDF1CA5F9F7000344DE /* TaskItemTableViewCell.xib in Resources */ = {isa = PBXBuildFile; fileRef = D480ECDD1CA5F9F7000344DE /* TaskItemTableViewCell.xib */; };
		D480FA3B1CDD36D900EEA424 /* HomeDetailsViewController.swift in Sources */ = {isa = PBXBuildFile; fileRef = D480FA3A1CDD36D900EEA424 /* HomeDetailsViewController.swift */; };
		D48BC1821CF0E93700910426 /* PieChartView.swift in Sources */ = {isa = PBXBuildFile; fileRef = D48BC1801CF0E93700910426 /* PieChartView.swift */; };
		D48BC1831CF0E93700910426 /* ViewControllerPriteshDemo.swift in Sources */ = {isa = PBXBuildFile; fileRef = D48BC1811CF0E93700910426 /* ViewControllerPriteshDemo.swift */; };
		D4C7443E1CEE12C500448B79 /* GoogleService-Info.plist in Resources */ = {isa = PBXBuildFile; fileRef = D4C7443C1CEE118800448B79 /* GoogleService-Info.plist */; };
		D4E1EC441CEFF94300B75275 /* defaultUser.jpg in Resources */ = {isa = PBXBuildFile; fileRef = D4E1EC431CEFF94300B75275 /* defaultUser.jpg */; };
		D4E1EC461CEFFAAF00B75275 /* SettingsTableViewController.swift in Sources */ = {isa = PBXBuildFile; fileRef = D4E1EC451CEFFAAF00B75275 /* SettingsTableViewController.swift */; };
		D4E1EC491CEFFD6A00B75275 /* SettingTableViewCell.swift in Sources */ = {isa = PBXBuildFile; fileRef = D4E1EC471CEFFD6A00B75275 /* SettingTableViewCell.swift */; };
		D4E1EC4A1CEFFD6A00B75275 /* SettingTableViewCell.xib in Resources */ = {isa = PBXBuildFile; fileRef = D4E1EC481CEFFD6A00B75275 /* SettingTableViewCell.xib */; };
		D4F85E901CDBA086000853B4 /* woods.jpg in Resources */ = {isa = PBXBuildFile; fileRef = D4F85E8F1CDBA086000853B4 /* woods.jpg */; };
		D4F85E921CDBA7D8000853B4 /* house2.jpg in Resources */ = {isa = PBXBuildFile; fileRef = D4F85E911CDBA7D8000853B4 /* house2.jpg */; };
		D4F85E941CDBAC72000853B4 /* gravel.jpg in Resources */ = {isa = PBXBuildFile; fileRef = D4F85E931CDBAC72000853B4 /* gravel.jpg */; };
		D4F85E961CDBACEA000853B4 /* checked.png in Resources */ = {isa = PBXBuildFile; fileRef = D4F85E951CDBACEA000853B4 /* checked.png */; };
		E9628284709E531E6997468A /* Pods_HomefieldTests.framework in Frameworks */ = {isa = PBXBuildFile; fileRef = 612DF6DC9C08784545F65E28 /* Pods_HomefieldTests.framework */; };
		FF8187B037A8ABAAB3D1CE6C /* Pods_HomefieldUITests.framework in Frameworks */ = {isa = PBXBuildFile; fileRef = FFD8C484B16B4FE8D6EFE17C /* Pods_HomefieldUITests.framework */; };
/* End PBXBuildFile section */

/* Begin PBXContainerItemProxy section */
		D437D3951CA21A5D00239E5A /* PBXContainerItemProxy */ = {
			isa = PBXContainerItemProxy;
			containerPortal = D437D3751CA21A5D00239E5A /* Project object */;
			proxyType = 1;
			remoteGlobalIDString = D437D37C1CA21A5D00239E5A;
			remoteInfo = Homefield;
		};
		D437D3A01CA21A5D00239E5A /* PBXContainerItemProxy */ = {
			isa = PBXContainerItemProxy;
			containerPortal = D437D3751CA21A5D00239E5A /* Project object */;
			proxyType = 1;
			remoteGlobalIDString = D437D37C1CA21A5D00239E5A;
			remoteInfo = Homefield;
		};
/* End PBXContainerItemProxy section */

/* Begin PBXFileReference section */
		3E4166B1B2E4B35AB23EFA39 /* Pods-HomefieldUITests.debug.xcconfig */ = {isa = PBXFileReference; includeInIndex = 1; lastKnownFileType = text.xcconfig; name = "Pods-HomefieldUITests.debug.xcconfig"; path = "Pods/Target Support Files/Pods-HomefieldUITests/Pods-HomefieldUITests.debug.xcconfig"; sourceTree = "<group>"; };
		612DF6DC9C08784545F65E28 /* Pods_HomefieldTests.framework */ = {isa = PBXFileReference; explicitFileType = wrapper.framework; includeInIndex = 0; path = Pods_HomefieldTests.framework; sourceTree = BUILT_PRODUCTS_DIR; };
		98D8EBCCDCD56D818D442D2C /* Pods-HomefieldTests.debug.xcconfig */ = {isa = PBXFileReference; includeInIndex = 1; lastKnownFileType = text.xcconfig; name = "Pods-HomefieldTests.debug.xcconfig"; path = "Pods/Target Support Files/Pods-HomefieldTests/Pods-HomefieldTests.debug.xcconfig"; sourceTree = "<group>"; };
		C30950974166F0FB0E748574 /* Pods-HomefieldUITests.release.xcconfig */ = {isa = PBXFileReference; includeInIndex = 1; lastKnownFileType = text.xcconfig; name = "Pods-HomefieldUITests.release.xcconfig"; path = "Pods/Target Support Files/Pods-HomefieldUITests/Pods-HomefieldUITests.release.xcconfig"; sourceTree = "<group>"; };
		C3BA17C91511DADB47D693D1 /* Pods-Homefield.release.xcconfig */ = {isa = PBXFileReference; includeInIndex = 1; lastKnownFileType = text.xcconfig; name = "Pods-Homefield.release.xcconfig"; path = "Pods/Target Support Files/Pods-Homefield/Pods-Homefield.release.xcconfig"; sourceTree = "<group>"; };
		D40CCB521CA22F27009D81CE /* CreateHomeViewController.swift */ = {isa = PBXFileReference; fileEncoding = 4; lastKnownFileType = sourcecode.swift; path = CreateHomeViewController.swift; sourceTree = "<group>"; };
		D419B6A61CDE724100571C93 /* stickman.png */ = {isa = PBXFileReference; lastKnownFileType = image.png; path = stickman.png; sourceTree = "<group>"; };
		D419B6A81CDE730900571C93 /* money.png */ = {isa = PBXFileReference; lastKnownFileType = image.png; path = money.png; sourceTree = "<group>"; };
		D419B6AA1CDE745C00571C93 /* homeiconbig.png */ = {isa = PBXFileReference; lastKnownFileType = image.png; path = homeiconbig.png; sourceTree = "<group>"; };
		D419B6AC1CDE7CA600571C93 /* AddToDoViewController.swift */ = {isa = PBXFileReference; fileEncoding = 4; lastKnownFileType = sourcecode.swift; path = AddToDoViewController.swift; sourceTree = "<group>"; };
		D419B6AE1CDFEB3D00571C93 /* Task.swift */ = {isa = PBXFileReference; fileEncoding = 4; lastKnownFileType = sourcecode.swift; path = Task.swift; sourceTree = "<group>"; };
		D419B6B01CDFFBEC00571C93 /* warning.png */ = {isa = PBXFileReference; lastKnownFileType = image.png; path = warning.png; sourceTree = "<group>"; };
		D41DC8451CEFE2D500186AA5 /* User.swift */ = {isa = PBXFileReference; fileEncoding = 4; lastKnownFileType = sourcecode.swift; path = User.swift; sourceTree = "<group>"; };
		D41DC8471CEFE35300186AA5 /* UserTableViewCell.swift */ = {isa = PBXFileReference; fileEncoding = 4; lastKnownFileType = sourcecode.swift; path = UserTableViewCell.swift; sourceTree = "<group>"; };
		D41DC8481CEFE35300186AA5 /* UserTableViewCell.xib */ = {isa = PBXFileReference; fileEncoding = 4; lastKnownFileType = file.xib; path = UserTableViewCell.xib; sourceTree = "<group>"; };
		D41E5BC31CB3D9560033C722 /* Papyrus_sprite.png */ = {isa = PBXFileReference; lastKnownFileType = image.png; path = Papyrus_sprite.png; sourceTree = "<group>"; };
		D435E2CA1CA4AFDB00DCF291 /* MainViewController.swift */ = {isa = PBXFileReference; fileEncoding = 4; lastKnownFileType = sourcecode.swift; path = MainViewController.swift; sourceTree = "<group>"; };
		D435E2CC1CA4B0EF00DCF291 /* TaskTableViewCell.swift */ = {isa = PBXFileReference; fileEncoding = 4; lastKnownFileType = sourcecode.swift; path = TaskTableViewCell.swift; sourceTree = "<group>"; };
		D435E2CD1CA4B0EF00DCF291 /* TaskTableViewCell.xib */ = {isa = PBXFileReference; fileEncoding = 4; lastKnownFileType = file.xib; path = TaskTableViewCell.xib; sourceTree = "<group>"; };
		D437D37D1CA21A5D00239E5A /* Homefield.app */ = {isa = PBXFileReference; explicitFileType = wrapper.application; includeInIndex = 0; path = Homefield.app; sourceTree = BUILT_PRODUCTS_DIR; };
		D437D3801CA21A5D00239E5A /* AppDelegate.swift */ = {isa = PBXFileReference; lastKnownFileType = sourcecode.swift; path = AppDelegate.swift; sourceTree = "<group>"; };
		D437D3821CA21A5D00239E5A /* ViewController.swift */ = {isa = PBXFileReference; lastKnownFileType = sourcecode.swift; path = ViewController.swift; sourceTree = "<group>"; };
		D437D3851CA21A5D00239E5A /* Base */ = {isa = PBXFileReference; lastKnownFileType = file.storyboard; name = Base; path = Base.lproj/Main.storyboard; sourceTree = "<group>"; };
		D437D3881CA21A5D00239E5A /* Homefield.xcdatamodel */ = {isa = PBXFileReference; lastKnownFileType = wrapper.xcdatamodel; path = Homefield.xcdatamodel; sourceTree = "<group>"; };
		D437D38A1CA21A5D00239E5A /* Assets.xcassets */ = {isa = PBXFileReference; lastKnownFileType = folder.assetcatalog; path = Assets.xcassets; sourceTree = "<group>"; };
		D437D38D1CA21A5D00239E5A /* Base */ = {isa = PBXFileReference; lastKnownFileType = file.storyboard; name = Base; path = Base.lproj/LaunchScreen.storyboard; sourceTree = "<group>"; };
		D437D38F1CA21A5D00239E5A /* Info.plist */ = {isa = PBXFileReference; lastKnownFileType = text.plist.xml; path = Info.plist; sourceTree = "<group>"; };
		D437D3941CA21A5D00239E5A /* HomefieldTests.xctest */ = {isa = PBXFileReference; explicitFileType = wrapper.cfbundle; includeInIndex = 0; path = HomefieldTests.xctest; sourceTree = BUILT_PRODUCTS_DIR; };
		D437D3981CA21A5D00239E5A /* HomefieldTests.swift */ = {isa = PBXFileReference; lastKnownFileType = sourcecode.swift; path = HomefieldTests.swift; sourceTree = "<group>"; };
		D437D39A1CA21A5D00239E5A /* Info.plist */ = {isa = PBXFileReference; lastKnownFileType = text.plist.xml; path = Info.plist; sourceTree = "<group>"; };
		D437D39F1CA21A5D00239E5A /* HomefieldUITests.xctest */ = {isa = PBXFileReference; explicitFileType = wrapper.cfbundle; includeInIndex = 0; path = HomefieldUITests.xctest; sourceTree = BUILT_PRODUCTS_DIR; };
		D437D3A31CA21A5D00239E5A /* HomefieldUITests.swift */ = {isa = PBXFileReference; lastKnownFileType = sourcecode.swift; path = HomefieldUITests.swift; sourceTree = "<group>"; };
		D437D3A51CA21A5D00239E5A /* Info.plist */ = {isa = PBXFileReference; lastKnownFileType = text.plist.xml; path = Info.plist; sourceTree = "<group>"; };
		D437D3B11CA21D0D00239E5A /* libPods-Homefield-Firebase.a */ = {isa = PBXFileReference; lastKnownFileType = archive.ar; name = "libPods-Homefield-Firebase.a"; path = "Pods/../build/Debug-iphoneos/libPods-Homefield-Firebase.a"; sourceTree = "<group>"; };
		D459F30B1CE11CAD0049A815 /* sans.png */ = {isa = PBXFileReference; lastKnownFileType = image.png; path = sans.png; sourceTree = "<group>"; };
		D459F3121CE132960049A815 /* PictureRendererTableViewCell.swift */ = {isa = PBXFileReference; fileEncoding = 4; lastKnownFileType = sourcecode.swift; path = PictureRendererTableViewCell.swift; sourceTree = "<group>"; };
		D459F3131CE132960049A815 /* PictureRendererTableViewCell.xib */ = {isa = PBXFileReference; fileEncoding = 4; lastKnownFileType = file.xib; path = PictureRendererTableViewCell.xib; sourceTree = "<group>"; };
		D45D1CCC1CA5E52000B4C7C2 /* ProfileTableViewController.swift */ = {isa = PBXFileReference; fileEncoding = 4; lastKnownFileType = sourcecode.swift; path = ProfileTableViewController.swift; sourceTree = "<group>"; };
		D45D1CCE1CA5E5E600B4C7C2 /* ProfileTableViewCell.swift */ = {isa = PBXFileReference; fileEncoding = 4; lastKnownFileType = sourcecode.swift; path = ProfileTableViewCell.swift; sourceTree = "<group>"; };
		D45D1CCF1CA5E5E600B4C7C2 /* ProfileTableViewCell.xib */ = {isa = PBXFileReference; fileEncoding = 4; lastKnownFileType = file.xib; path = ProfileTableViewCell.xib; sourceTree = "<group>"; };
		D45D1CD21CA5E5FB00B4C7C2 /* BalanceTableViewCell.swift */ = {isa = PBXFileReference; fileEncoding = 4; lastKnownFileType = sourcecode.swift; path = BalanceTableViewCell.swift; sourceTree = "<group>"; };
		D45D1CD31CA5E5FB00B4C7C2 /* BalanceTableViewCell.xib */ = {isa = PBXFileReference; fileEncoding = 4; lastKnownFileType = file.xib; path = BalanceTableViewCell.xib; sourceTree = "<group>"; };
		D480ECD91CA5F763000344DE /* TaskManagerViewController.swift */ = {isa = PBXFileReference; fileEncoding = 4; lastKnownFileType = sourcecode.swift; path = TaskManagerViewController.swift; sourceTree = "<group>"; };
		D480ECDC1CA5F9F7000344DE /* TaskItemTableViewCell.swift */ = {isa = PBXFileReference; fileEncoding = 4; lastKnownFileType = sourcecode.swift; path = TaskItemTableViewCell.swift; sourceTree = "<group>"; };
		D480ECDD1CA5F9F7000344DE /* TaskItemTableViewCell.xib */ = {isa = PBXFileReference; fileEncoding = 4; lastKnownFileType = file.xib; path = TaskItemTableViewCell.xib; sourceTree = "<group>"; };
		D480FA3A1CDD36D900EEA424 /* HomeDetailsViewController.swift */ = {isa = PBXFileReference; fileEncoding = 4; lastKnownFileType = sourcecode.swift; path = HomeDetailsViewController.swift; sourceTree = "<group>"; };
		D48BC1801CF0E93700910426 /* PieChartView.swift */ = {isa = PBXFileReference; fileEncoding = 4; lastKnownFileType = sourcecode.swift; path = PieChartView.swift; sourceTree = "<group>"; };
		D48BC1811CF0E93700910426 /* ViewControllerPriteshDemo.swift */ = {isa = PBXFileReference; fileEncoding = 4; lastKnownFileType = sourcecode.swift; path = ViewControllerPriteshDemo.swift; sourceTree = "<group>"; };
		D4C7443C1CEE118800448B79 /* GoogleService-Info.plist */ = {isa = PBXFileReference; fileEncoding = 4; lastKnownFileType = text.plist.xml; path = "GoogleService-Info.plist"; sourceTree = "<group>"; };
		D4E1EC431CEFF94300B75275 /* defaultUser.jpg */ = {isa = PBXFileReference; lastKnownFileType = image.jpeg; path = defaultUser.jpg; sourceTree = "<group>"; };
		D4E1EC451CEFFAAF00B75275 /* SettingsTableViewController.swift */ = {isa = PBXFileReference; fileEncoding = 4; lastKnownFileType = sourcecode.swift; path = SettingsTableViewController.swift; sourceTree = "<group>"; };
		D4E1EC471CEFFD6A00B75275 /* SettingTableViewCell.swift */ = {isa = PBXFileReference; fileEncoding = 4; lastKnownFileType = sourcecode.swift; path = SettingTableViewCell.swift; sourceTree = "<group>"; };
		D4E1EC481CEFFD6A00B75275 /* SettingTableViewCell.xib */ = {isa = PBXFileReference; fileEncoding = 4; lastKnownFileType = file.xib; path = SettingTableViewCell.xib; sourceTree = "<group>"; };
		D4F85E8F1CDBA086000853B4 /* woods.jpg */ = {isa = PBXFileReference; lastKnownFileType = image.jpeg; path = woods.jpg; sourceTree = "<group>"; };
		D4F85E911CDBA7D8000853B4 /* house2.jpg */ = {isa = PBXFileReference; lastKnownFileType = image.jpeg; path = house2.jpg; sourceTree = "<group>"; };
		D4F85E931CDBAC72000853B4 /* gravel.jpg */ = {isa = PBXFileReference; lastKnownFileType = image.jpeg; path = gravel.jpg; sourceTree = "<group>"; };
		D4F85E951CDBACEA000853B4 /* checked.png */ = {isa = PBXFileReference; lastKnownFileType = image.png; path = checked.png; sourceTree = "<group>"; };
		E839F3367C1BD2F09324218E /* Pods-Homefield.debug.xcconfig */ = {isa = PBXFileReference; includeInIndex = 1; lastKnownFileType = text.xcconfig; name = "Pods-Homefield.debug.xcconfig"; path = "Pods/Target Support Files/Pods-Homefield/Pods-Homefield.debug.xcconfig"; sourceTree = "<group>"; };
		F07ADDD5BE8238F6D38B4FE9 /* Pods-HomefieldTests.release.xcconfig */ = {isa = PBXFileReference; includeInIndex = 1; lastKnownFileType = text.xcconfig; name = "Pods-HomefieldTests.release.xcconfig"; path = "Pods/Target Support Files/Pods-HomefieldTests/Pods-HomefieldTests.release.xcconfig"; sourceTree = "<group>"; };
		F64C6E3DE63C1571184B1762 /* Pods_Homefield.framework */ = {isa = PBXFileReference; explicitFileType = wrapper.framework; includeInIndex = 0; path = Pods_Homefield.framework; sourceTree = BUILT_PRODUCTS_DIR; };
		FFD8C484B16B4FE8D6EFE17C /* Pods_HomefieldUITests.framework */ = {isa = PBXFileReference; explicitFileType = wrapper.framework; includeInIndex = 0; path = Pods_HomefieldUITests.framework; sourceTree = BUILT_PRODUCTS_DIR; };
/* End PBXFileReference section */

/* Begin PBXFrameworksBuildPhase section */
		D437D37A1CA21A5D00239E5A /* Frameworks */ = {
			isa = PBXFrameworksBuildPhase;
			buildActionMask = 2147483647;
			files = (
				A956844121B8690231623A58 /* Pods_Homefield.framework in Frameworks */,
			);
			runOnlyForDeploymentPostprocessing = 0;
		};
		D437D3911CA21A5D00239E5A /* Frameworks */ = {
			isa = PBXFrameworksBuildPhase;
			buildActionMask = 2147483647;
			files = (
				E9628284709E531E6997468A /* Pods_HomefieldTests.framework in Frameworks */,
			);
			runOnlyForDeploymentPostprocessing = 0;
		};
		D437D39C1CA21A5D00239E5A /* Frameworks */ = {
			isa = PBXFrameworksBuildPhase;
			buildActionMask = 2147483647;
			files = (
				FF8187B037A8ABAAB3D1CE6C /* Pods_HomefieldUITests.framework in Frameworks */,
			);
			runOnlyForDeploymentPostprocessing = 0;
		};
/* End PBXFrameworksBuildPhase section */

/* Begin PBXGroup section */
		D437D3741CA21A5D00239E5A = {
			isa = PBXGroup;
			children = (
				D437D37F1CA21A5D00239E5A /* Homefield */,
				D437D3971CA21A5D00239E5A /* HomefieldTests */,
				D437D3A21CA21A5D00239E5A /* HomefieldUITests */,
				D437D37E1CA21A5D00239E5A /* Products */,
				F94997AA66B7614C6325DABF /* Frameworks */,
				DC679502A5E6B2AD9AA8BB58 /* Pods */,
			);
			sourceTree = "<group>";
		};
		D437D37E1CA21A5D00239E5A /* Products */ = {
			isa = PBXGroup;
			children = (
				D437D37D1CA21A5D00239E5A /* Homefield.app */,
				D437D3941CA21A5D00239E5A /* HomefieldTests.xctest */,
				D437D39F1CA21A5D00239E5A /* HomefieldUITests.xctest */,
			);
			name = Products;
			sourceTree = "<group>";
		};
		D437D37F1CA21A5D00239E5A /* Homefield */ = {
			isa = PBXGroup;
			children = (
				D48BC17F1CF0E8DA00910426 /* Analysis */,
				D4E1EC401CEFEE2500B75275 /* Statistics */,
				D459F30F1CE131A30049A815 /* Images */,
				D437D3801CA21A5D00239E5A /* AppDelegate.swift */,
				D41DC8451CEFE2D500186AA5 /* User.swift */,
				D437D3821CA21A5D00239E5A /* ViewController.swift */,
				D437D3841CA21A5D00239E5A /* Main.storyboard */,
				D437D38A1CA21A5D00239E5A /* Assets.xcassets */,
				D437D38C1CA21A5D00239E5A /* LaunchScreen.storyboard */,
				D437D38F1CA21A5D00239E5A /* Info.plist */,
				D4C7443C1CEE118800448B79 /* GoogleService-Info.plist */,
				D437D3871CA21A5D00239E5A /* Homefield.xcdatamodeld */,
				D40CCB521CA22F27009D81CE /* CreateHomeViewController.swift */,
				D435E2CA1CA4AFDB00DCF291 /* MainViewController.swift */,
				D435E2CC1CA4B0EF00DCF291 /* TaskTableViewCell.swift */,
				D435E2CD1CA4B0EF00DCF291 /* TaskTableViewCell.xib */,
				D45D1CD61CA5E69D00B4C7C2 /* Profile */,
				D480ECDB1CA5F768000344DE /* Task Manager */,
				D480FA3A1CDD36D900EEA424 /* HomeDetailsViewController.swift */,
				D419B6AC1CDE7CA600571C93 /* AddToDoViewController.swift */,
				D419B6AE1CDFEB3D00571C93 /* Task.swift */,
				D41DC8471CEFE35300186AA5 /* UserTableViewCell.swift */,
				D41DC8481CEFE35300186AA5 /* UserTableViewCell.xib */,
				D4E1EC451CEFFAAF00B75275 /* SettingsTableViewController.swift */,
				D4E1EC471CEFFD6A00B75275 /* SettingTableViewCell.swift */,
				D4E1EC481CEFFD6A00B75275 /* SettingTableViewCell.xib */,
			);
			path = Homefield;
			sourceTree = "<group>";
		};
		D437D3971CA21A5D00239E5A /* HomefieldTests */ = {
			isa = PBXGroup;
			children = (
				D437D3981CA21A5D00239E5A /* HomefieldTests.swift */,
				D437D39A1CA21A5D00239E5A /* Info.plist */,
			);
			path = HomefieldTests;
			sourceTree = "<group>";
		};
		D437D3A21CA21A5D00239E5A /* HomefieldUITests */ = {
			isa = PBXGroup;
			children = (
				D437D3A31CA21A5D00239E5A /* HomefieldUITests.swift */,
				D437D3A51CA21A5D00239E5A /* Info.plist */,
			);
			path = HomefieldUITests;
			sourceTree = "<group>";
		};
		D459F30F1CE131A30049A815 /* Images */ = {
			isa = PBXGroup;
			children = (
				D4E1EC431CEFF94300B75275 /* defaultUser.jpg */,
				D419B6A61CDE724100571C93 /* stickman.png */,
				D41E5BC31CB3D9560033C722 /* Papyrus_sprite.png */,
				D4F85E911CDBA7D8000853B4 /* house2.jpg */,
				D4F85E951CDBACEA000853B4 /* checked.png */,
				D419B6AA1CDE745C00571C93 /* homeiconbig.png */,
				D419B6B01CDFFBEC00571C93 /* warning.png */,
				D4F85E8F1CDBA086000853B4 /* woods.jpg */,
				D4F85E931CDBAC72000853B4 /* gravel.jpg */,
				D419B6A81CDE730900571C93 /* money.png */,
				D459F30B1CE11CAD0049A815 /* sans.png */,
				D459F3121CE132960049A815 /* PictureRendererTableViewCell.swift */,
				D459F3131CE132960049A815 /* PictureRendererTableViewCell.xib */,
			);
			name = Images;
			sourceTree = "<group>";
		};
		D45D1CD61CA5E69D00B4C7C2 /* Profile */ = {
			isa = PBXGroup;
			children = (
				D45D1CCC1CA5E52000B4C7C2 /* ProfileTableViewController.swift */,
				D45D1CCE1CA5E5E600B4C7C2 /* ProfileTableViewCell.swift */,
				D45D1CCF1CA5E5E600B4C7C2 /* ProfileTableViewCell.xib */,
				D45D1CD21CA5E5FB00B4C7C2 /* BalanceTableViewCell.swift */,
				D45D1CD31CA5E5FB00B4C7C2 /* BalanceTableViewCell.xib */,
			);
			name = Profile;
			sourceTree = "<group>";
		};
		D480ECDB1CA5F768000344DE /* Task Manager */ = {
			isa = PBXGroup;
			children = (
				D480ECD91CA5F763000344DE /* TaskManagerViewController.swift */,
				D480ECDC1CA5F9F7000344DE /* TaskItemTableViewCell.swift */,
				D480ECDD1CA5F9F7000344DE /* TaskItemTableViewCell.xib */,
			);
			name = "Task Manager";
			sourceTree = "<group>";
		};
		D48BC17F1CF0E8DA00910426 /* Analysis */ = {
			isa = PBXGroup;
			children = (
				D48BC1801CF0E93700910426 /* PieChartView.swift */,
				D48BC1811CF0E93700910426 /* ViewControllerPriteshDemo.swift */,
			);
			name = Analysis;
			sourceTree = "<group>";
		};
		D4E1EC401CEFEE2500B75275 /* Statistics */ = {
			isa = PBXGroup;
			children = (
			);
			name = Statistics;
			sourceTree = "<group>";
		};
		DC679502A5E6B2AD9AA8BB58 /* Pods */ = {
			isa = PBXGroup;
			children = (
				E839F3367C1BD2F09324218E /* Pods-Homefield.debug.xcconfig */,
				C3BA17C91511DADB47D693D1 /* Pods-Homefield.release.xcconfig */,
				98D8EBCCDCD56D818D442D2C /* Pods-HomefieldTests.debug.xcconfig */,
				F07ADDD5BE8238F6D38B4FE9 /* Pods-HomefieldTests.release.xcconfig */,
				3E4166B1B2E4B35AB23EFA39 /* Pods-HomefieldUITests.debug.xcconfig */,
				C30950974166F0FB0E748574 /* Pods-HomefieldUITests.release.xcconfig */,
			);
			name = Pods;
			sourceTree = "<group>";
		};
		F94997AA66B7614C6325DABF /* Frameworks */ = {
			isa = PBXGroup;
			children = (
				D437D3B11CA21D0D00239E5A /* libPods-Homefield-Firebase.a */,
				F64C6E3DE63C1571184B1762 /* Pods_Homefield.framework */,
				612DF6DC9C08784545F65E28 /* Pods_HomefieldTests.framework */,
				FFD8C484B16B4FE8D6EFE17C /* Pods_HomefieldUITests.framework */,
			);
			name = Frameworks;
			sourceTree = "<group>";
		};
/* End PBXGroup section */

/* Begin PBXNativeTarget section */
		D437D37C1CA21A5D00239E5A /* Homefield */ = {
			isa = PBXNativeTarget;
			buildConfigurationList = D437D3A81CA21A5D00239E5A /* Build configuration list for PBXNativeTarget "Homefield" */;
			buildPhases = (
				436AFAE30BDB97063C9B472F /* 📦 Check Pods Manifest.lock */,
				D437D3791CA21A5D00239E5A /* Sources */,
				D437D37A1CA21A5D00239E5A /* Frameworks */,
				D437D37B1CA21A5D00239E5A /* Resources */,
				82D592B24A65A6C5E8F2294E /* 📦 Embed Pods Frameworks */,
				E38FD30EB3EB7278B8A84A49 /* 📦 Copy Pods Resources */,
			);
			buildRules = (
			);
			dependencies = (
			);
			name = Homefield;
			productName = Homefield;
			productReference = D437D37D1CA21A5D00239E5A /* Homefield.app */;
			productType = "com.apple.product-type.application";
		};
		D437D3931CA21A5D00239E5A /* HomefieldTests */ = {
			isa = PBXNativeTarget;
			buildConfigurationList = D437D3AB1CA21A5D00239E5A /* Build configuration list for PBXNativeTarget "HomefieldTests" */;
			buildPhases = (
				996F01D181CDFD55CF89691B /* 📦 Check Pods Manifest.lock */,
				D437D3901CA21A5D00239E5A /* Sources */,
				D437D3911CA21A5D00239E5A /* Frameworks */,
				D437D3921CA21A5D00239E5A /* Resources */,
				7EEAF4E56C96DECED5929B60 /* 📦 Embed Pods Frameworks */,
				3EA05FDB622D97ABABB67170 /* 📦 Copy Pods Resources */,
			);
			buildRules = (
			);
			dependencies = (
				D437D3961CA21A5D00239E5A /* PBXTargetDependency */,
			);
			name = HomefieldTests;
			productName = HomefieldTests;
			productReference = D437D3941CA21A5D00239E5A /* HomefieldTests.xctest */;
			productType = "com.apple.product-type.bundle.unit-test";
		};
		D437D39E1CA21A5D00239E5A /* HomefieldUITests */ = {
			isa = PBXNativeTarget;
			buildConfigurationList = D437D3AE1CA21A5D00239E5A /* Build configuration list for PBXNativeTarget "HomefieldUITests" */;
			buildPhases = (
				59B57608B1674A3406525D2B /* 📦 Check Pods Manifest.lock */,
				D437D39B1CA21A5D00239E5A /* Sources */,
				D437D39C1CA21A5D00239E5A /* Frameworks */,
				D437D39D1CA21A5D00239E5A /* Resources */,
				DD3C6B91535C52B8BE55D594 /* 📦 Copy Pods Resources */,
			);
			buildRules = (
			);
			dependencies = (
				D437D3A11CA21A5D00239E5A /* PBXTargetDependency */,
			);
			name = HomefieldUITests;
			productName = HomefieldUITests;
			productReference = D437D39F1CA21A5D00239E5A /* HomefieldUITests.xctest */;
			productType = "com.apple.product-type.bundle.ui-testing";
		};
/* End PBXNativeTarget section */

/* Begin PBXProject section */
		D437D3751CA21A5D00239E5A /* Project object */ = {
			isa = PBXProject;
			attributes = {
				LastSwiftUpdateCheck = 0720;
				LastUpgradeCheck = 0720;
				ORGANIZATIONNAME = "Ugur Bastug";
				TargetAttributes = {
					D437D37C1CA21A5D00239E5A = {
						CreatedOnToolsVersion = 7.2.1;
						DevelopmentTeam = YZ2BV6RQH9;
					};
					D437D3931CA21A5D00239E5A = {
						CreatedOnToolsVersion = 7.2.1;
						TestTargetID = D437D37C1CA21A5D00239E5A;
					};
					D437D39E1CA21A5D00239E5A = {
						CreatedOnToolsVersion = 7.2.1;
						TestTargetID = D437D37C1CA21A5D00239E5A;
					};
				};
			};
			buildConfigurationList = D437D3781CA21A5D00239E5A /* Build configuration list for PBXProject "Homefield" */;
			compatibilityVersion = "Xcode 3.2";
			developmentRegion = English;
			hasScannedForEncodings = 0;
			knownRegions = (
				en,
				Base,
			);
			mainGroup = D437D3741CA21A5D00239E5A;
			productRefGroup = D437D37E1CA21A5D00239E5A /* Products */;
			projectDirPath = "";
			projectRoot = "";
			targets = (
				D437D37C1CA21A5D00239E5A /* Homefield */,
				D437D3931CA21A5D00239E5A /* HomefieldTests */,
				D437D39E1CA21A5D00239E5A /* HomefieldUITests */,
			);
		};
/* End PBXProject section */

/* Begin PBXResourcesBuildPhase section */
		D437D37B1CA21A5D00239E5A /* Resources */ = {
			isa = PBXResourcesBuildPhase;
			buildActionMask = 2147483647;
			files = (
				D419B6AB1CDE745C00571C93 /* homeiconbig.png in Resources */,
				D459F30C1CE11CAD0049A815 /* sans.png in Resources */,
				D4E1EC441CEFF94300B75275 /* defaultUser.jpg in Resources */,
				D435E2CF1CA4B0EF00DCF291 /* TaskTableViewCell.xib in Resources */,
				D41E5BC41CB3D9560033C722 /* Papyrus_sprite.png in Resources */,
				D41DC84A1CEFE35300186AA5 /* UserTableViewCell.xib in Resources */,
				D437D38E1CA21A5D00239E5A /* LaunchScreen.storyboard in Resources */,
				D419B6B11CDFFBEC00571C93 /* warning.png in Resources */,
				D4F85E921CDBA7D8000853B4 /* house2.jpg in Resources */,
				D437D38B1CA21A5D00239E5A /* Assets.xcassets in Resources */,
				D4F85E901CDBA086000853B4 /* woods.jpg in Resources */,
				D419B6A71CDE724100571C93 /* stickman.png in Resources */,
				D4F85E941CDBAC72000853B4 /* gravel.jpg in Resources */,
				D4C7443E1CEE12C500448B79 /* GoogleService-Info.plist in Resources */,
				D4E1EC4A1CEFFD6A00B75275 /* SettingTableViewCell.xib in Resources */,
				D419B6A91CDE730900571C93 /* money.png in Resources */,
				D437D3861CA21A5D00239E5A /* Main.storyboard in Resources */,
				D45D1CD51CA5E5FB00B4C7C2 /* BalanceTableViewCell.xib in Resources */,
				D4F85E961CDBACEA000853B4 /* checked.png in Resources */,
				D45D1CD11CA5E5E600B4C7C2 /* ProfileTableViewCell.xib in Resources */,
				D459F3151CE132960049A815 /* PictureRendererTableViewCell.xib in Resources */,
				D480ECDF1CA5F9F7000344DE /* TaskItemTableViewCell.xib in Resources */,
			);
			runOnlyForDeploymentPostprocessing = 0;
		};
		D437D3921CA21A5D00239E5A /* Resources */ = {
			isa = PBXResourcesBuildPhase;
			buildActionMask = 2147483647;
			files = (
			);
			runOnlyForDeploymentPostprocessing = 0;
		};
		D437D39D1CA21A5D00239E5A /* Resources */ = {
			isa = PBXResourcesBuildPhase;
			buildActionMask = 2147483647;
			files = (
			);
			runOnlyForDeploymentPostprocessing = 0;
		};
/* End PBXResourcesBuildPhase section */

/* Begin PBXShellScriptBuildPhase section */
		3EA05FDB622D97ABABB67170 /* 📦 Copy Pods Resources */ = {
			isa = PBXShellScriptBuildPhase;
			buildActionMask = 2147483647;
			files = (
			);
			inputPaths = (
			);
			name = "📦 Copy Pods Resources";
			outputPaths = (
			);
			runOnlyForDeploymentPostprocessing = 0;
			shellPath = /bin/sh;
			shellScript = "\"${SRCROOT}/Pods/Target Support Files/Pods-HomefieldTests/Pods-HomefieldTests-resources.sh\"\n";
			showEnvVarsInLog = 0;
		};
		436AFAE30BDB97063C9B472F /* 📦 Check Pods Manifest.lock */ = {
			isa = PBXShellScriptBuildPhase;
			buildActionMask = 2147483647;
			files = (
			);
			inputPaths = (
			);
			name = "📦 Check Pods Manifest.lock";
			outputPaths = (
			);
			runOnlyForDeploymentPostprocessing = 0;
			shellPath = /bin/sh;
			shellScript = "diff \"${PODS_ROOT}/../Podfile.lock\" \"${PODS_ROOT}/Manifest.lock\" > /dev/null\nif [[ $? != 0 ]] ; then\n    cat << EOM\nerror: The sandbox is not in sync with the Podfile.lock. Run 'pod install' or update your CocoaPods installation.\nEOM\n    exit 1\nfi\n";
			showEnvVarsInLog = 0;
		};
		59B57608B1674A3406525D2B /* 📦 Check Pods Manifest.lock */ = {
			isa = PBXShellScriptBuildPhase;
			buildActionMask = 2147483647;
			files = (
			);
			inputPaths = (
			);
			name = "📦 Check Pods Manifest.lock";
			outputPaths = (
			);
			runOnlyForDeploymentPostprocessing = 0;
			shellPath = /bin/sh;
			shellScript = "diff \"${PODS_ROOT}/../Podfile.lock\" \"${PODS_ROOT}/Manifest.lock\" > /dev/null\nif [[ $? != 0 ]] ; then\n    cat << EOM\nerror: The sandbox is not in sync with the Podfile.lock. Run 'pod install' or update your CocoaPods installation.\nEOM\n    exit 1\nfi\n";
			showEnvVarsInLog = 0;
		};
		7EEAF4E56C96DECED5929B60 /* 📦 Embed Pods Frameworks */ = {
			isa = PBXShellScriptBuildPhase;
			buildActionMask = 2147483647;
			files = (
			);
			inputPaths = (
			);
			name = "📦 Embed Pods Frameworks";
			outputPaths = (
			);
			runOnlyForDeploymentPostprocessing = 0;
			shellPath = /bin/sh;
			shellScript = "\"${SRCROOT}/Pods/Target Support Files/Pods-HomefieldTests/Pods-HomefieldTests-frameworks.sh\"\n";
			showEnvVarsInLog = 0;
		};
		82D592B24A65A6C5E8F2294E /* 📦 Embed Pods Frameworks */ = {
			isa = PBXShellScriptBuildPhase;
			buildActionMask = 2147483647;
			files = (
			);
			inputPaths = (
			);
			name = "📦 Embed Pods Frameworks";
			outputPaths = (
			);
			runOnlyForDeploymentPostprocessing = 0;
			shellPath = /bin/sh;
			shellScript = "\"${SRCROOT}/Pods/Target Support Files/Pods-Homefield/Pods-Homefield-frameworks.sh\"\n";
			showEnvVarsInLog = 0;
		};
		996F01D181CDFD55CF89691B /* 📦 Check Pods Manifest.lock */ = {
			isa = PBXShellScriptBuildPhase;
			buildActionMask = 2147483647;
			files = (
			);
			inputPaths = (
			);
			name = "📦 Check Pods Manifest.lock";
			outputPaths = (
			);
			runOnlyForDeploymentPostprocessing = 0;
			shellPath = /bin/sh;
			shellScript = "diff \"${PODS_ROOT}/../Podfile.lock\" \"${PODS_ROOT}/Manifest.lock\" > /dev/null\nif [[ $? != 0 ]] ; then\n    cat << EOM\nerror: The sandbox is not in sync with the Podfile.lock. Run 'pod install' or update your CocoaPods installation.\nEOM\n    exit 1\nfi\n";
			showEnvVarsInLog = 0;
		};
		DD3C6B91535C52B8BE55D594 /* 📦 Copy Pods Resources */ = {
			isa = PBXShellScriptBuildPhase;
			buildActionMask = 2147483647;
			files = (
			);
			inputPaths = (
			);
			name = "📦 Copy Pods Resources";
			outputPaths = (
			);
			runOnlyForDeploymentPostprocessing = 0;
			shellPath = /bin/sh;
			shellScript = "\"${SRCROOT}/Pods/Target Support Files/Pods-HomefieldUITests/Pods-HomefieldUITests-resources.sh\"\n";
			showEnvVarsInLog = 0;
		};
		E38FD30EB3EB7278B8A84A49 /* 📦 Copy Pods Resources */ = {
			isa = PBXShellScriptBuildPhase;
			buildActionMask = 2147483647;
			files = (
			);
			inputPaths = (
			);
			name = "📦 Copy Pods Resources";
			outputPaths = (
			);
			runOnlyForDeploymentPostprocessing = 0;
			shellPath = /bin/sh;
			shellScript = "\"${SRCROOT}/Pods/Target Support Files/Pods-Homefield/Pods-Homefield-resources.sh\"\n";
			showEnvVarsInLog = 0;
		};
/* End PBXShellScriptBuildPhase section */

/* Begin PBXSourcesBuildPhase section */
		D437D3791CA21A5D00239E5A /* Sources */ = {
			isa = PBXSourcesBuildPhase;
			buildActionMask = 2147483647;
			files = (
				D480ECDE1CA5F9F7000344DE /* TaskItemTableViewCell.swift in Sources */,
				D45D1CCD1CA5E52000B4C7C2 /* ProfileTableViewController.swift in Sources */,
				D45D1CD01CA5E5E600B4C7C2 /* ProfileTableViewCell.swift in Sources */,
				D437D3831CA21A5D00239E5A /* ViewController.swift in Sources */,
				D41DC8461CEFE2D500186AA5 /* User.swift in Sources */,
				D40CCB531CA22F27009D81CE /* CreateHomeViewController.swift in Sources */,
				D435E2CE1CA4B0EF00DCF291 /* TaskTableViewCell.swift in Sources */,
				D437D3891CA21A5D00239E5A /* Homefield.xcdatamodeld in Sources */,
				D4E1EC461CEFFAAF00B75275 /* SettingsTableViewController.swift in Sources */,
				D459F3141CE132960049A815 /* PictureRendererTableViewCell.swift in Sources */,
				D437D3811CA21A5D00239E5A /* AppDelegate.swift in Sources */,
				D480FA3B1CDD36D900EEA424 /* HomeDetailsViewController.swift in Sources */,
				D4E1EC491CEFFD6A00B75275 /* SettingTableViewCell.swift in Sources */,
				D480ECDA1CA5F763000344DE /* TaskManagerViewController.swift in Sources */,
				D435E2CB1CA4AFDB00DCF291 /* MainViewController.swift in Sources */,
				D48BC1831CF0E93700910426 /* ViewControllerPriteshDemo.swift in Sources */,
				D419B6AD1CDE7CA600571C93 /* AddToDoViewController.swift in Sources */,
				D48BC1821CF0E93700910426 /* PieChartView.swift in Sources */,
				D419B6AF1CDFEB3D00571C93 /* Task.swift in Sources */,
				D41DC8491CEFE35300186AA5 /* UserTableViewCell.swift in Sources */,
				D45D1CD41CA5E5FB00B4C7C2 /* BalanceTableViewCell.swift in Sources */,
			);
			runOnlyForDeploymentPostprocessing = 0;
		};
		D437D3901CA21A5D00239E5A /* Sources */ = {
			isa = PBXSourcesBuildPhase;
			buildActionMask = 2147483647;
			files = (
				D437D3991CA21A5D00239E5A /* HomefieldTests.swift in Sources */,
			);
			runOnlyForDeploymentPostprocessing = 0;
		};
		D437D39B1CA21A5D00239E5A /* Sources */ = {
			isa = PBXSourcesBuildPhase;
			buildActionMask = 2147483647;
			files = (
				D437D3A41CA21A5D00239E5A /* HomefieldUITests.swift in Sources */,
			);
			runOnlyForDeploymentPostprocessing = 0;
		};
/* End PBXSourcesBuildPhase section */

/* Begin PBXTargetDependency section */
		D437D3961CA21A5D00239E5A /* PBXTargetDependency */ = {
			isa = PBXTargetDependency;
			target = D437D37C1CA21A5D00239E5A /* Homefield */;
			targetProxy = D437D3951CA21A5D00239E5A /* PBXContainerItemProxy */;
		};
		D437D3A11CA21A5D00239E5A /* PBXTargetDependency */ = {
			isa = PBXTargetDependency;
			target = D437D37C1CA21A5D00239E5A /* Homefield */;
			targetProxy = D437D3A01CA21A5D00239E5A /* PBXContainerItemProxy */;
		};
/* End PBXTargetDependency section */

/* Begin PBXVariantGroup section */
		D437D3841CA21A5D00239E5A /* Main.storyboard */ = {
			isa = PBXVariantGroup;
			children = (
				D437D3851CA21A5D00239E5A /* Base */,
			);
			name = Main.storyboard;
			sourceTree = "<group>";
		};
		D437D38C1CA21A5D00239E5A /* LaunchScreen.storyboard */ = {
			isa = PBXVariantGroup;
			children = (
				D437D38D1CA21A5D00239E5A /* Base */,
			);
			name = LaunchScreen.storyboard;
			sourceTree = "<group>";
		};
/* End PBXVariantGroup section */

/* Begin XCBuildConfiguration section */
		D437D3A61CA21A5D00239E5A /* Debug */ = {
			isa = XCBuildConfiguration;
			buildSettings = {
				ALWAYS_SEARCH_USER_PATHS = NO;
				CLANG_CXX_LANGUAGE_STANDARD = "gnu++0x";
				CLANG_CXX_LIBRARY = "libc++";
				CLANG_ENABLE_MODULES = YES;
				CLANG_ENABLE_OBJC_ARC = YES;
				CLANG_WARN_BOOL_CONVERSION = YES;
				CLANG_WARN_CONSTANT_CONVERSION = YES;
				CLANG_WARN_DIRECT_OBJC_ISA_USAGE = YES_ERROR;
				CLANG_WARN_EMPTY_BODY = YES;
				CLANG_WARN_ENUM_CONVERSION = YES;
				CLANG_WARN_INT_CONVERSION = YES;
				CLANG_WARN_OBJC_ROOT_CLASS = YES_ERROR;
				CLANG_WARN_UNREACHABLE_CODE = YES;
				CLANG_WARN__DUPLICATE_METHOD_MATCH = YES;
				"CODE_SIGN_IDENTITY[sdk=iphoneos*]" = "iPhone Developer";
				COPY_PHASE_STRIP = NO;
				DEBUG_INFORMATION_FORMAT = dwarf;
				ENABLE_STRICT_OBJC_MSGSEND = YES;
				ENABLE_TESTABILITY = YES;
				GCC_C_LANGUAGE_STANDARD = gnu99;
				GCC_DYNAMIC_NO_PIC = NO;
				GCC_NO_COMMON_BLOCKS = YES;
				GCC_OPTIMIZATION_LEVEL = 0;
				GCC_PREPROCESSOR_DEFINITIONS = (
					"DEBUG=1",
					"$(inherited)",
				);
				GCC_WARN_64_TO_32_BIT_CONVERSION = YES;
				GCC_WARN_ABOUT_RETURN_TYPE = YES_ERROR;
				GCC_WARN_UNDECLARED_SELECTOR = YES;
				GCC_WARN_UNINITIALIZED_AUTOS = YES_AGGRESSIVE;
				GCC_WARN_UNUSED_FUNCTION = YES;
				GCC_WARN_UNUSED_VARIABLE = YES;
				IPHONEOS_DEPLOYMENT_TARGET = 9.2;
				MTL_ENABLE_DEBUG_INFO = YES;
				ONLY_ACTIVE_ARCH = YES;
				SDKROOT = iphoneos;
				SWIFT_OPTIMIZATION_LEVEL = "-Onone";
				TARGETED_DEVICE_FAMILY = "1,2";
			};
			name = Debug;
		};
		D437D3A71CA21A5D00239E5A /* Release */ = {
			isa = XCBuildConfiguration;
			buildSettings = {
				ALWAYS_SEARCH_USER_PATHS = NO;
				CLANG_CXX_LANGUAGE_STANDARD = "gnu++0x";
				CLANG_CXX_LIBRARY = "libc++";
				CLANG_ENABLE_MODULES = YES;
				CLANG_ENABLE_OBJC_ARC = YES;
				CLANG_WARN_BOOL_CONVERSION = YES;
				CLANG_WARN_CONSTANT_CONVERSION = YES;
				CLANG_WARN_DIRECT_OBJC_ISA_USAGE = YES_ERROR;
				CLANG_WARN_EMPTY_BODY = YES;
				CLANG_WARN_ENUM_CONVERSION = YES;
				CLANG_WARN_INT_CONVERSION = YES;
				CLANG_WARN_OBJC_ROOT_CLASS = YES_ERROR;
				CLANG_WARN_UNREACHABLE_CODE = YES;
				CLANG_WARN__DUPLICATE_METHOD_MATCH = YES;
				"CODE_SIGN_IDENTITY[sdk=iphoneos*]" = "iPhone Developer";
				COPY_PHASE_STRIP = NO;
				DEBUG_INFORMATION_FORMAT = "dwarf-with-dsym";
				ENABLE_NS_ASSERTIONS = NO;
				ENABLE_STRICT_OBJC_MSGSEND = YES;
				GCC_C_LANGUAGE_STANDARD = gnu99;
				GCC_NO_COMMON_BLOCKS = YES;
				GCC_WARN_64_TO_32_BIT_CONVERSION = YES;
				GCC_WARN_ABOUT_RETURN_TYPE = YES_ERROR;
				GCC_WARN_UNDECLARED_SELECTOR = YES;
				GCC_WARN_UNINITIALIZED_AUTOS = YES_AGGRESSIVE;
				GCC_WARN_UNUSED_FUNCTION = YES;
				GCC_WARN_UNUSED_VARIABLE = YES;
				IPHONEOS_DEPLOYMENT_TARGET = 9.2;
				MTL_ENABLE_DEBUG_INFO = NO;
				SDKROOT = iphoneos;
				TARGETED_DEVICE_FAMILY = "1,2";
				VALIDATE_PRODUCT = YES;
			};
			name = Release;
		};
		D437D3A91CA21A5D00239E5A /* Debug */ = {
			isa = XCBuildConfiguration;
			baseConfigurationReference = E839F3367C1BD2F09324218E /* Pods-Homefield.debug.xcconfig */;
			buildSettings = {
				ASSETCATALOG_COMPILER_APPICON_NAME = AppIcon;
				ASSETCATALOG_COMPILER_LAUNCHIMAGE_NAME = "Brand Assets";
				CODE_SIGN_IDENTITY = "iPhone Developer";
				"CODE_SIGN_IDENTITY[sdk=iphoneos*]" = "iPhone Developer";
				INFOPLIST_FILE = Homefield/Info.plist;
				LD_RUNPATH_SEARCH_PATHS = "$(inherited) @executable_path/Frameworks";
				LIBRARY_SEARCH_PATHS = (
					"$(inherited)",
					"$(PROJECT_DIR)/build/Debug-iphoneos",
				);
				PRODUCT_BUNDLE_IDENTIFIER = ugurbastug.Homefield;
				PRODUCT_NAME = "$(TARGET_NAME)";
				PROVISIONING_PROFILE = "";
			};
			name = Debug;
		};
		D437D3AA1CA21A5D00239E5A /* Release */ = {
			isa = XCBuildConfiguration;
			baseConfigurationReference = C3BA17C91511DADB47D693D1 /* Pods-Homefield.release.xcconfig */;
			buildSettings = {
				ASSETCATALOG_COMPILER_APPICON_NAME = AppIcon;
				ASSETCATALOG_COMPILER_LAUNCHIMAGE_NAME = "Brand Assets";
				CODE_SIGN_IDENTITY = "iPhone Developer";
				"CODE_SIGN_IDENTITY[sdk=iphoneos*]" = "iPhone Developer";
				INFOPLIST_FILE = Homefield/Info.plist;
				LD_RUNPATH_SEARCH_PATHS = "$(inherited) @executable_path/Frameworks";
				LIBRARY_SEARCH_PATHS = (
					"$(inherited)",
					"$(PROJECT_DIR)/build/Debug-iphoneos",
				);
				PRODUCT_BUNDLE_IDENTIFIER = ugurbastug.Homefield;
				PRODUCT_NAME = "$(TARGET_NAME)";
				PROVISIONING_PROFILE = "";
			};
			name = Release;
		};
		D437D3AC1CA21A5D00239E5A /* Debug */ = {
			isa = XCBuildConfiguration;
			baseConfigurationReference = 98D8EBCCDCD56D818D442D2C /* Pods-HomefieldTests.debug.xcconfig */;
			buildSettings = {
				BUNDLE_LOADER = "$(TEST_HOST)";
				INFOPLIST_FILE = HomefieldTests/Info.plist;
				LD_RUNPATH_SEARCH_PATHS = "$(inherited) @executable_path/Frameworks @loader_path/Frameworks";
				PRODUCT_BUNDLE_IDENTIFIER = ugurbastug.HomefieldTests;
				PRODUCT_NAME = "$(TARGET_NAME)";
				TEST_HOST = "$(BUILT_PRODUCTS_DIR)/Homefield.app/Homefield";
			};
			name = Debug;
		};
		D437D3AD1CA21A5D00239E5A /* Release */ = {
			isa = XCBuildConfiguration;
			baseConfigurationReference = F07ADDD5BE8238F6D38B4FE9 /* Pods-HomefieldTests.release.xcconfig */;
			buildSettings = {
				BUNDLE_LOADER = "$(TEST_HOST)";
				INFOPLIST_FILE = HomefieldTests/Info.plist;
				LD_RUNPATH_SEARCH_PATHS = "$(inherited) @executable_path/Frameworks @loader_path/Frameworks";
				PRODUCT_BUNDLE_IDENTIFIER = ugurbastug.HomefieldTests;
				PRODUCT_NAME = "$(TARGET_NAME)";
				TEST_HOST = "$(BUILT_PRODUCTS_DIR)/Homefield.app/Homefield";
			};
			name = Release;
		};
		D437D3AF1CA21A5D00239E5A /* Debug */ = {
			isa = XCBuildConfiguration;
			baseConfigurationReference = 3E4166B1B2E4B35AB23EFA39 /* Pods-HomefieldUITests.debug.xcconfig */;
			buildSettings = {
				INFOPLIST_FILE = HomefieldUITests/Info.plist;
				LD_RUNPATH_SEARCH_PATHS = "$(inherited) @executable_path/Frameworks @loader_path/Frameworks";
				PRODUCT_BUNDLE_IDENTIFIER = ugurbastug.HomefieldUITests;
				PRODUCT_NAME = "$(TARGET_NAME)";
				TEST_TARGET_NAME = Homefield;
				USES_XCTRUNNER = YES;
			};
			name = Debug;
		};
		D437D3B01CA21A5D00239E5A /* Release */ = {
			isa = XCBuildConfiguration;
			baseConfigurationReference = C30950974166F0FB0E748574 /* Pods-HomefieldUITests.release.xcconfig */;
			buildSettings = {
				INFOPLIST_FILE = HomefieldUITests/Info.plist;
				LD_RUNPATH_SEARCH_PATHS = "$(inherited) @executable_path/Frameworks @loader_path/Frameworks";
				PRODUCT_BUNDLE_IDENTIFIER = ugurbastug.HomefieldUITests;
				PRODUCT_NAME = "$(TARGET_NAME)";
				TEST_TARGET_NAME = Homefield;
				USES_XCTRUNNER = YES;
			};
			name = Release;
		};
/* End XCBuildConfiguration section */

/* Begin XCConfigurationList section */
		D437D3781CA21A5D00239E5A /* Build configuration list for PBXProject "Homefield" */ = {
			isa = XCConfigurationList;
			buildConfigurations = (
				D437D3A61CA21A5D00239E5A /* Debug */,
				D437D3A71CA21A5D00239E5A /* Release */,
			);
			defaultConfigurationIsVisible = 0;
			defaultConfigurationName = Release;
		};
		D437D3A81CA21A5D00239E5A /* Build configuration list for PBXNativeTarget "Homefield" */ = {
			isa = XCConfigurationList;
			buildConfigurations = (
				D437D3A91CA21A5D00239E5A /* Debug */,
				D437D3AA1CA21A5D00239E5A /* Release */,
			);
			defaultConfigurationIsVisible = 0;
			defaultConfigurationName = Release;
		};
		D437D3AB1CA21A5D00239E5A /* Build configuration list for PBXNativeTarget "HomefieldTests" */ = {
			isa = XCConfigurationList;
			buildConfigurations = (
				D437D3AC1CA21A5D00239E5A /* Debug */,
				D437D3AD1CA21A5D00239E5A /* Release */,
			);
			defaultConfigurationIsVisible = 0;
			defaultConfigurationName = Release;
		};
		D437D3AE1CA21A5D00239E5A /* Build configuration list for PBXNativeTarget "HomefieldUITests" */ = {
			isa = XCConfigurationList;
			buildConfigurations = (
				D437D3AF1CA21A5D00239E5A /* Debug */,
				D437D3B01CA21A5D00239E5A /* Release */,
			);
			defaultConfigurationIsVisible = 0;
			defaultConfigurationName = Release;
		};
/* End XCConfigurationList section */

/* Begin XCVersionGroup section */
		D437D3871CA21A5D00239E5A /* Homefield.xcdatamodeld */ = {
			isa = XCVersionGroup;
			children = (
				D437D3881CA21A5D00239E5A /* Homefield.xcdatamodel */,
			);
			currentVersion = D437D3881CA21A5D00239E5A /* Homefield.xcdatamodel */;
			path = Homefield.xcdatamodeld;
			sourceTree = "<group>";
			versionGroupType = wrapper.xcdatamodel;
		};
/* End XCVersionGroup section */
	};
	rootObject = D437D3751CA21A5D00239E5A /* Project object */;
}
